# THIS IS AN AUTOGENERATED FILE. DO NOT EDIT THIS FILE DIRECTLY.
# yarn lockfile v1


"@aws-crypto/crc32@2.0.0":
  version "2.0.0"
  resolved "https://registry.yarnpkg.com/@aws-crypto/crc32/-/crc32-2.0.0.tgz#4ad432a3c03ec3087c5540ff6e41e6565d2dc153"
  integrity sha512-TvE1r2CUueyXOuHdEigYjIZVesInd9KN+K/TFFNfkkxRThiNxO6i4ZqqAVMoEjAamZZ1AA8WXJkjCz7YShHPQA==
  dependencies:
    "@aws-crypto/util" "^2.0.0"
    "@aws-sdk/types" "^3.1.0"
    tslib "^1.11.1"

"@aws-crypto/crc32c@2.0.0":
  version "2.0.0"
  resolved "https://registry.yarnpkg.com/@aws-crypto/crc32c/-/crc32c-2.0.0.tgz#4235336ef78f169f6a05248906703b9b78da676e"
  integrity sha512-vF0eMdMHx3O3MoOXUfBZry8Y4ZDtcuskjjKgJz8YfIDjLStxTZrYXk+kZqtl6A0uCmmiN/Eb/JbC/CndTV1MHg==
  dependencies:
    "@aws-crypto/util" "^2.0.0"
    "@aws-sdk/types" "^3.1.0"
    tslib "^1.11.1"

"@aws-crypto/ie11-detection@^2.0.0":
  version "2.0.0"
  resolved "https://registry.yarnpkg.com/@aws-crypto/ie11-detection/-/ie11-detection-2.0.0.tgz#bb6c2facf8f03457e949dcf0921477397ffa4c6e"
  integrity sha512-pkVXf/dq6PITJ0jzYZ69VhL8VFOFoPZLZqtU/12SGnzYuJOOGNfF41q9GxdI1yqC8R13Rq3jOLKDFpUJFT5eTA==
  dependencies:
    tslib "^1.11.1"

"@aws-crypto/sha1-browser@2.0.0":
  version "2.0.0"
  resolved "https://registry.yarnpkg.com/@aws-crypto/sha1-browser/-/sha1-browser-2.0.0.tgz#71e735df20ea1d38f59259c4b1a2e00ca74a0eea"
  integrity sha512-3fIVRjPFY8EG5HWXR+ZJZMdWNRpwbxGzJ9IH9q93FpbgCH8u8GHRi46mZXp3cYD7gealmyqpm3ThZwLKJjWJhA==
  dependencies:
    "@aws-crypto/ie11-detection" "^2.0.0"
    "@aws-crypto/supports-web-crypto" "^2.0.0"
    "@aws-sdk/types" "^3.1.0"
    "@aws-sdk/util-locate-window" "^3.0.0"
    "@aws-sdk/util-utf8-browser" "^3.0.0"
    tslib "^1.11.1"

"@aws-crypto/sha256-browser@2.0.0":
  version "2.0.0"
  resolved "https://registry.yarnpkg.com/@aws-crypto/sha256-browser/-/sha256-browser-2.0.0.tgz#741c9024df55ec59b51e5b1f5d806a4852699fb5"
  integrity sha512-rYXOQ8BFOaqMEHJrLHul/25ckWH6GTJtdLSajhlqGMx0PmSueAuvboCuZCTqEKlxR8CQOwRarxYMZZSYlhRA1A==
  dependencies:
    "@aws-crypto/ie11-detection" "^2.0.0"
    "@aws-crypto/sha256-js" "^2.0.0"
    "@aws-crypto/supports-web-crypto" "^2.0.0"
    "@aws-crypto/util" "^2.0.0"
    "@aws-sdk/types" "^3.1.0"
    "@aws-sdk/util-locate-window" "^3.0.0"
    "@aws-sdk/util-utf8-browser" "^3.0.0"
    tslib "^1.11.1"

"@aws-crypto/sha256-js@2.0.0":
  version "2.0.0"
  resolved "https://registry.yarnpkg.com/@aws-crypto/sha256-js/-/sha256-js-2.0.0.tgz#f1f936039bdebd0b9e2dd834d65afdc2aac4efcb"
  integrity sha512-VZY+mCY4Nmrs5WGfitmNqXzaE873fcIZDu54cbaDaaamsaTOP1DBImV9F4pICc3EHjQXujyE8jig+PFCaew9ig==
  dependencies:
    "@aws-crypto/util" "^2.0.0"
    "@aws-sdk/types" "^3.1.0"
    tslib "^1.11.1"

"@aws-crypto/sha256-js@^2.0.0":
  version "2.0.1"
  resolved "https://registry.yarnpkg.com/@aws-crypto/sha256-js/-/sha256-js-2.0.1.tgz#79e1e6cf61f652ef2089c08d471c722ecf1626a9"
  integrity sha512-mbHTBSPBvg6o/mN/c18Z/zifM05eJrapj5ggoOIeHIWckvkv5VgGi7r/wYpt+QAO2ySKXLNvH2d8L7bne4xrMQ==
  dependencies:
    "@aws-crypto/util" "^2.0.1"
    "@aws-sdk/types" "^3.1.0"
    tslib "^1.11.1"

"@aws-crypto/supports-web-crypto@^2.0.0":
  version "2.0.0"
  resolved "https://registry.yarnpkg.com/@aws-crypto/supports-web-crypto/-/supports-web-crypto-2.0.0.tgz#fd6cde30b88f77d5a4f57b2c37c560d918014f9e"
  integrity sha512-Ge7WQ3E0OC7FHYprsZV3h0QIcpdyJLvIeg+uTuHqRYm8D6qCFJoiC+edSzSyFiHtZf+NOQDJ1q46qxjtzIY2nA==
  dependencies:
    tslib "^1.11.1"

"@aws-crypto/util@^2.0.0", "@aws-crypto/util@^2.0.1":
  version "2.0.1"
  resolved "https://registry.yarnpkg.com/@aws-crypto/util/-/util-2.0.1.tgz#976cf619cf85084ca85ec5eb947a6ac6b8b5c98c"
  integrity sha512-JJmFFwvbm08lULw4Nm5QOLg8+lAQeC8aCXK5xrtxntYzYXCGfHwUJ4Is3770Q7HmICsXthGQ+ZsDL7C2uH3yBQ==
  dependencies:
    "@aws-sdk/types" "^3.1.0"
    "@aws-sdk/util-utf8-browser" "^3.0.0"
    tslib "^1.11.1"

"@aws-sdk/abort-controller@3.162.0":
  version "3.162.0"
  resolved "https://registry.yarnpkg.com/@aws-sdk/abort-controller/-/abort-controller-3.162.0.tgz#c49c08e61e87c1e6bcba8214177228ecf4007535"
  integrity sha512-8j1f/g+pNny3HkOojl+6phwd1yQE0FmM6EdssRJPA/IpR+SE0qTva2psKfZA9DivAg+/iTBozVCQU5GUJY1F2A==
  dependencies:
    "@aws-sdk/types" "3.162.0"
    tslib "^2.3.1"

"@aws-sdk/chunked-blob-reader-native@3.109.0":
  version "3.109.0"
  resolved "https://registry.yarnpkg.com/@aws-sdk/chunked-blob-reader-native/-/chunked-blob-reader-native-3.109.0.tgz#4db2ec81faf38fe33cf9dd6f75641afe0826dcfd"
  integrity sha512-Ybn3vDZ3CqGyprL2qdF6QZqoqlx8lA3qOJepobjuKKDRw+KgGxjUY4NvWe0R2MdRoduyaDj6uvhIay0S1MOSJQ==
  dependencies:
    "@aws-sdk/util-base64-browser" "3.109.0"
    tslib "^2.3.1"

"@aws-sdk/chunked-blob-reader@3.55.0":
  version "3.55.0"
  resolved "https://registry.yarnpkg.com/@aws-sdk/chunked-blob-reader/-/chunked-blob-reader-3.55.0.tgz#db240c78e7c4c826e707f0ca32a4d221c41cf6a0"
  integrity sha512-o/xjMCq81opAjSBjt7YdHJwIJcGVG5XIV9+C2KXcY5QwVimkOKPybWTv0mXPvSwSilSx+EhpLNhkcJuXdzhw4w==
  dependencies:
    tslib "^2.3.1"

"@aws-sdk/client-s3@^3.162.0":
  version "3.162.0"
  resolved "https://registry.yarnpkg.com/@aws-sdk/client-s3/-/client-s3-3.162.0.tgz#c49f677120267aac9999786a10b84eb0670426fb"
  integrity sha512-JsBif9s/lwGoQJbpCZnUeCFWUN2x5CvJRFNB4GMjVPOOuBVgDHagN28tTxTjZseYNZbJrWZBjEpePnOeDOweVg==
  dependencies:
    "@aws-crypto/sha1-browser" "2.0.0"
    "@aws-crypto/sha256-browser" "2.0.0"
    "@aws-crypto/sha256-js" "2.0.0"
    "@aws-sdk/client-sts" "3.162.0"
    "@aws-sdk/config-resolver" "3.162.0"
    "@aws-sdk/credential-provider-node" "3.162.0"
    "@aws-sdk/eventstream-serde-browser" "3.162.0"
    "@aws-sdk/eventstream-serde-config-resolver" "3.162.0"
    "@aws-sdk/eventstream-serde-node" "3.162.0"
    "@aws-sdk/fetch-http-handler" "3.162.0"
    "@aws-sdk/hash-blob-browser" "3.162.0"
    "@aws-sdk/hash-node" "3.162.0"
    "@aws-sdk/hash-stream-node" "3.162.0"
    "@aws-sdk/invalid-dependency" "3.162.0"
    "@aws-sdk/md5-js" "3.162.0"
    "@aws-sdk/middleware-bucket-endpoint" "3.162.0"
    "@aws-sdk/middleware-content-length" "3.162.0"
    "@aws-sdk/middleware-expect-continue" "3.162.0"
    "@aws-sdk/middleware-flexible-checksums" "3.162.0"
    "@aws-sdk/middleware-host-header" "3.162.0"
    "@aws-sdk/middleware-location-constraint" "3.162.0"
    "@aws-sdk/middleware-logger" "3.162.0"
    "@aws-sdk/middleware-recursion-detection" "3.162.0"
    "@aws-sdk/middleware-retry" "3.162.0"
    "@aws-sdk/middleware-sdk-s3" "3.162.0"
    "@aws-sdk/middleware-serde" "3.162.0"
    "@aws-sdk/middleware-signing" "3.162.0"
    "@aws-sdk/middleware-ssec" "3.162.0"
    "@aws-sdk/middleware-stack" "3.162.0"
    "@aws-sdk/middleware-user-agent" "3.162.0"
    "@aws-sdk/node-config-provider" "3.162.0"
    "@aws-sdk/node-http-handler" "3.162.0"
    "@aws-sdk/protocol-http" "3.162.0"
    "@aws-sdk/signature-v4-multi-region" "3.162.0"
    "@aws-sdk/smithy-client" "3.162.0"
    "@aws-sdk/types" "3.162.0"
    "@aws-sdk/url-parser" "3.162.0"
    "@aws-sdk/util-base64-browser" "3.109.0"
    "@aws-sdk/util-base64-node" "3.55.0"
    "@aws-sdk/util-body-length-browser" "3.154.0"
    "@aws-sdk/util-body-length-node" "3.55.0"
    "@aws-sdk/util-defaults-mode-browser" "3.162.0"
    "@aws-sdk/util-defaults-mode-node" "3.162.0"
    "@aws-sdk/util-stream-browser" "3.162.0"
    "@aws-sdk/util-stream-node" "3.162.0"
    "@aws-sdk/util-user-agent-browser" "3.162.0"
    "@aws-sdk/util-user-agent-node" "3.162.0"
    "@aws-sdk/util-utf8-browser" "3.109.0"
    "@aws-sdk/util-utf8-node" "3.109.0"
    "@aws-sdk/util-waiter" "3.162.0"
    "@aws-sdk/xml-builder" "3.142.0"
    entities "2.2.0"
    fast-xml-parser "3.19.0"
    tslib "^2.3.1"

"@aws-sdk/client-sso@3.162.0":
  version "3.162.0"
  resolved "https://registry.yarnpkg.com/@aws-sdk/client-sso/-/client-sso-3.162.0.tgz#51f2db0f79a3a24306d074ca75142c543a288891"
  integrity sha512-xCPASrShwIL9ZePAcPOKHpfXGBcTWaK77+TAeYx1iDI+n9Fd4dHxWAuByhsFJvieb3kj3XON3ZOQX0I3g4SlSA==
  dependencies:
    "@aws-crypto/sha256-browser" "2.0.0"
    "@aws-crypto/sha256-js" "2.0.0"
    "@aws-sdk/config-resolver" "3.162.0"
    "@aws-sdk/fetch-http-handler" "3.162.0"
    "@aws-sdk/hash-node" "3.162.0"
    "@aws-sdk/invalid-dependency" "3.162.0"
    "@aws-sdk/middleware-content-length" "3.162.0"
    "@aws-sdk/middleware-host-header" "3.162.0"
    "@aws-sdk/middleware-logger" "3.162.0"
    "@aws-sdk/middleware-recursion-detection" "3.162.0"
    "@aws-sdk/middleware-retry" "3.162.0"
    "@aws-sdk/middleware-serde" "3.162.0"
    "@aws-sdk/middleware-stack" "3.162.0"
    "@aws-sdk/middleware-user-agent" "3.162.0"
    "@aws-sdk/node-config-provider" "3.162.0"
    "@aws-sdk/node-http-handler" "3.162.0"
    "@aws-sdk/protocol-http" "3.162.0"
    "@aws-sdk/smithy-client" "3.162.0"
    "@aws-sdk/types" "3.162.0"
    "@aws-sdk/url-parser" "3.162.0"
    "@aws-sdk/util-base64-browser" "3.109.0"
    "@aws-sdk/util-base64-node" "3.55.0"
    "@aws-sdk/util-body-length-browser" "3.154.0"
    "@aws-sdk/util-body-length-node" "3.55.0"
    "@aws-sdk/util-defaults-mode-browser" "3.162.0"
    "@aws-sdk/util-defaults-mode-node" "3.162.0"
    "@aws-sdk/util-user-agent-browser" "3.162.0"
    "@aws-sdk/util-user-agent-node" "3.162.0"
    "@aws-sdk/util-utf8-browser" "3.109.0"
    "@aws-sdk/util-utf8-node" "3.109.0"
    tslib "^2.3.1"

"@aws-sdk/client-sts@3.162.0":
  version "3.162.0"
  resolved "https://registry.yarnpkg.com/@aws-sdk/client-sts/-/client-sts-3.162.0.tgz#b868562ecc52f145b67eae1117462a10de8153f2"
  integrity sha512-+2ImQFFFODF58sviwc5dHDSp3ndt3KubqQLz6dL1wzUR8CZdKOKzlLZqqiZX7QcVIxcWKBBse+hzAQl/S5SWkA==
  dependencies:
    "@aws-crypto/sha256-browser" "2.0.0"
    "@aws-crypto/sha256-js" "2.0.0"
    "@aws-sdk/config-resolver" "3.162.0"
    "@aws-sdk/credential-provider-node" "3.162.0"
    "@aws-sdk/fetch-http-handler" "3.162.0"
    "@aws-sdk/hash-node" "3.162.0"
    "@aws-sdk/invalid-dependency" "3.162.0"
    "@aws-sdk/middleware-content-length" "3.162.0"
    "@aws-sdk/middleware-host-header" "3.162.0"
    "@aws-sdk/middleware-logger" "3.162.0"
    "@aws-sdk/middleware-recursion-detection" "3.162.0"
    "@aws-sdk/middleware-retry" "3.162.0"
    "@aws-sdk/middleware-sdk-sts" "3.162.0"
    "@aws-sdk/middleware-serde" "3.162.0"
    "@aws-sdk/middleware-signing" "3.162.0"
    "@aws-sdk/middleware-stack" "3.162.0"
    "@aws-sdk/middleware-user-agent" "3.162.0"
    "@aws-sdk/node-config-provider" "3.162.0"
    "@aws-sdk/node-http-handler" "3.162.0"
    "@aws-sdk/protocol-http" "3.162.0"
    "@aws-sdk/smithy-client" "3.162.0"
    "@aws-sdk/types" "3.162.0"
    "@aws-sdk/url-parser" "3.162.0"
    "@aws-sdk/util-base64-browser" "3.109.0"
    "@aws-sdk/util-base64-node" "3.55.0"
    "@aws-sdk/util-body-length-browser" "3.154.0"
    "@aws-sdk/util-body-length-node" "3.55.0"
    "@aws-sdk/util-defaults-mode-browser" "3.162.0"
    "@aws-sdk/util-defaults-mode-node" "3.162.0"
    "@aws-sdk/util-user-agent-browser" "3.162.0"
    "@aws-sdk/util-user-agent-node" "3.162.0"
    "@aws-sdk/util-utf8-browser" "3.109.0"
    "@aws-sdk/util-utf8-node" "3.109.0"
    entities "2.2.0"
    fast-xml-parser "3.19.0"
    tslib "^2.3.1"

"@aws-sdk/config-resolver@3.162.0":
  version "3.162.0"
  resolved "https://registry.yarnpkg.com/@aws-sdk/config-resolver/-/config-resolver-3.162.0.tgz#4a9d284b9e4826260baeb037aa464e023f0701a4"
  integrity sha512-6VBMIH9OVq6axUZ4pHs0x14VIP99dUamsGgUaABBfipQMdFY/4YWr198+6kDrnO3xNCzJOyZ6ueScbED34krhw==
  dependencies:
    "@aws-sdk/signature-v4" "3.162.0"
    "@aws-sdk/types" "3.162.0"
    "@aws-sdk/util-config-provider" "3.109.0"
    "@aws-sdk/util-middleware" "3.162.0"
    tslib "^2.3.1"

"@aws-sdk/credential-provider-env@3.162.0":
  version "3.162.0"
  resolved "https://registry.yarnpkg.com/@aws-sdk/credential-provider-env/-/credential-provider-env-3.162.0.tgz#be2bf9587d9e7b2a10b1c2530c5984b60efc11bd"
  integrity sha512-yzCJXiAAbZZHB4iThi4I+rs+gTYwBSetdU4Z1D89a2xjcOjCa8IhdQKm3GO/uJMScy4VtW3EEFG4/zZ7dVQPOw==
  dependencies:
    "@aws-sdk/property-provider" "3.162.0"
    "@aws-sdk/types" "3.162.0"
    tslib "^2.3.1"

"@aws-sdk/credential-provider-imds@3.162.0":
  version "3.162.0"
  resolved "https://registry.yarnpkg.com/@aws-sdk/credential-provider-imds/-/credential-provider-imds-3.162.0.tgz#bb8002a37c42e6f2f42fcafff3a8e4262b6aac4a"
  integrity sha512-ohrHMIu2MNauPjbE8mEMKtlEQH/VZdpNswPigaEejUGVumz0NSft9PlIn2X79sNX5Y+uXopynMQF4MZj773hTw==
  dependencies:
    "@aws-sdk/node-config-provider" "3.162.0"
    "@aws-sdk/property-provider" "3.162.0"
    "@aws-sdk/types" "3.162.0"
    "@aws-sdk/url-parser" "3.162.0"
    tslib "^2.3.1"

"@aws-sdk/credential-provider-ini@3.162.0":
  version "3.162.0"
  resolved "https://registry.yarnpkg.com/@aws-sdk/credential-provider-ini/-/credential-provider-ini-3.162.0.tgz#3d24197d4bc89118bcb02004ceaa641550975c9f"
  integrity sha512-ixhpegXkOqpqyYxDQPaRY+zYQuWAPSlhZ94hzBOs9fXbGp1pdSMUNmGMCgsyXb9PToj/WILm5vTMmfl6gBAtkQ==
  dependencies:
    "@aws-sdk/credential-provider-env" "3.162.0"
    "@aws-sdk/credential-provider-imds" "3.162.0"
    "@aws-sdk/credential-provider-sso" "3.162.0"
    "@aws-sdk/credential-provider-web-identity" "3.162.0"
    "@aws-sdk/property-provider" "3.162.0"
    "@aws-sdk/shared-ini-file-loader" "3.162.0"
    "@aws-sdk/types" "3.162.0"
    tslib "^2.3.1"

"@aws-sdk/credential-provider-node@3.162.0":
  version "3.162.0"
  resolved "https://registry.yarnpkg.com/@aws-sdk/credential-provider-node/-/credential-provider-node-3.162.0.tgz#469b6243d86649d4286fd8503c72ca59dd0a9eeb"
  integrity sha512-U0WilAOYAKgurgZ/eSTZDp6OHnYDPedNLlSErBrR6xvc860D8O06eI+Nu26hfNgx7TuMBY8MSImVsbwdhO2hbQ==
  dependencies:
    "@aws-sdk/credential-provider-env" "3.162.0"
    "@aws-sdk/credential-provider-imds" "3.162.0"
    "@aws-sdk/credential-provider-ini" "3.162.0"
    "@aws-sdk/credential-provider-process" "3.162.0"
    "@aws-sdk/credential-provider-sso" "3.162.0"
    "@aws-sdk/credential-provider-web-identity" "3.162.0"
    "@aws-sdk/property-provider" "3.162.0"
    "@aws-sdk/shared-ini-file-loader" "3.162.0"
    "@aws-sdk/types" "3.162.0"
    tslib "^2.3.1"

"@aws-sdk/credential-provider-process@3.162.0":
  version "3.162.0"
  resolved "https://registry.yarnpkg.com/@aws-sdk/credential-provider-process/-/credential-provider-process-3.162.0.tgz#e54db5f3ac5a5200a6f04803b05278c028a54447"
  integrity sha512-KtmYjlCMAa0XF3IJo4dxSF+OWmRoHbrdEHGEZw+j6iCZ3Nz6Y6xCsdxun5rAKdom1QRNMDR4wX0hRAdPYobW2w==
  dependencies:
    "@aws-sdk/property-provider" "3.162.0"
    "@aws-sdk/shared-ini-file-loader" "3.162.0"
    "@aws-sdk/types" "3.162.0"
    tslib "^2.3.1"

"@aws-sdk/credential-provider-sso@3.162.0":
  version "3.162.0"
  resolved "https://registry.yarnpkg.com/@aws-sdk/credential-provider-sso/-/credential-provider-sso-3.162.0.tgz#406832d421a2d9d7569a037ca39d340ea105b1c6"
  integrity sha512-kSKEoJPDS0UP58JlTzW1Nygk6Mw/HDGPwekAlx914lqGE7hvoKFOR8qCW9fwPmNoKpbx1dWQ7E8/GsfD6RBS1w==
  dependencies:
    "@aws-sdk/client-sso" "3.162.0"
    "@aws-sdk/property-provider" "3.162.0"
    "@aws-sdk/shared-ini-file-loader" "3.162.0"
    "@aws-sdk/types" "3.162.0"
    tslib "^2.3.1"

"@aws-sdk/credential-provider-web-identity@3.162.0":
  version "3.162.0"
  resolved "https://registry.yarnpkg.com/@aws-sdk/credential-provider-web-identity/-/credential-provider-web-identity-3.162.0.tgz#0b06aee91777b16c362ad565e9f1fdf77de7e8f6"
  integrity sha512-vy86OS5/h+Vfk1bxvWjbayyUtFNdwU+mfALin3zxJbFqneSxRBydNBomt/guJjapZE+h865lkteyOsqsYMskzQ==
  dependencies:
    "@aws-sdk/property-provider" "3.162.0"
    "@aws-sdk/types" "3.162.0"
    tslib "^2.3.1"

"@aws-sdk/eventstream-codec@3.162.0":
  version "3.162.0"
  resolved "https://registry.yarnpkg.com/@aws-sdk/eventstream-codec/-/eventstream-codec-3.162.0.tgz#c105a2d3081b0b74a3d1be6c49bd489a677102ad"
  integrity sha512-DllkOwvOFO28nuFyY+Klu31aRwHp1Db6G6BfMfRFACId5RIE9LNVgEoNnR/uluZqQ9IN7k7kyp7ycztyn18tUA==
  dependencies:
    "@aws-crypto/crc32" "2.0.0"
    "@aws-sdk/types" "3.162.0"
    "@aws-sdk/util-hex-encoding" "3.109.0"
    tslib "^2.3.1"

"@aws-sdk/eventstream-serde-browser@3.162.0":
  version "3.162.0"
  resolved "https://registry.yarnpkg.com/@aws-sdk/eventstream-serde-browser/-/eventstream-serde-browser-3.162.0.tgz#d84952d5c65b247b3e01c4ee59c42a716338ce38"
  integrity sha512-99xPbUs3JS+uwdKe+pZu3UOc/GeI9qPk4epramssgaLKzQGkO4ylN3CD9ts4xeMXkE+VS0p0lEKeg80/fkzqzA==
  dependencies:
    "@aws-sdk/eventstream-serde-universal" "3.162.0"
    "@aws-sdk/types" "3.162.0"
    tslib "^2.3.1"

"@aws-sdk/eventstream-serde-config-resolver@3.162.0":
  version "3.162.0"
  resolved "https://registry.yarnpkg.com/@aws-sdk/eventstream-serde-config-resolver/-/eventstream-serde-config-resolver-3.162.0.tgz#2c5f749262575d44b8ebebff96e243d9c0bbcf38"
  integrity sha512-1G4IUPrcONzZ0o60CLbv3dOZT9UhT1iOCSRXzdy7XiTQ4rNLpqZVLG8GxNdu2ZpuDoW0ZdpjRDfmnzX+IXAILA==
  dependencies:
    "@aws-sdk/types" "3.162.0"
    tslib "^2.3.1"

"@aws-sdk/eventstream-serde-node@3.162.0":
  version "3.162.0"
  resolved "https://registry.yarnpkg.com/@aws-sdk/eventstream-serde-node/-/eventstream-serde-node-3.162.0.tgz#06676c14b9cea5f179586d47bdbac9c60966efb4"
  integrity sha512-bXfgIR/6ZBdu022sTr0dRjEWMI1Z0UKCARYuywygwQ7GtAzhyHaRKrLk59foDX9NkLTExlQCfIRcsW6rMjL+hA==
  dependencies:
    "@aws-sdk/eventstream-serde-universal" "3.162.0"
    "@aws-sdk/types" "3.162.0"
    tslib "^2.3.1"

"@aws-sdk/eventstream-serde-universal@3.162.0":
  version "3.162.0"
  resolved "https://registry.yarnpkg.com/@aws-sdk/eventstream-serde-universal/-/eventstream-serde-universal-3.162.0.tgz#cf515746715baed3efc9bdac9e28ed29e8546142"
  integrity sha512-EnZGRWUkZ8d07OuoN+WG1u+ta42b6szf06F+SE2pKhsiAfnHHN3MsfxsnUN/ZYsgSXv6COxdp+acHR8CnjzRMQ==
  dependencies:
    "@aws-sdk/eventstream-codec" "3.162.0"
    "@aws-sdk/types" "3.162.0"
    tslib "^2.3.1"

"@aws-sdk/fetch-http-handler@3.162.0":
  version "3.162.0"
  resolved "https://registry.yarnpkg.com/@aws-sdk/fetch-http-handler/-/fetch-http-handler-3.162.0.tgz#d90d3f179ff11bedf69b971d22a7c00abba650d9"
  integrity sha512-DZLxxEqSMXqKteYohO4w6uoORabpETWso6wBdIFMul1BbEseqLjub1594D5RA18cqkcM2dV4ttw+boPPzOjSAw==
  dependencies:
    "@aws-sdk/protocol-http" "3.162.0"
    "@aws-sdk/querystring-builder" "3.162.0"
    "@aws-sdk/types" "3.162.0"
    "@aws-sdk/util-base64-browser" "3.109.0"
    tslib "^2.3.1"

"@aws-sdk/hash-blob-browser@3.162.0":
  version "3.162.0"
  resolved "https://registry.yarnpkg.com/@aws-sdk/hash-blob-browser/-/hash-blob-browser-3.162.0.tgz#75d1ff18dc3181231b35a131adadfe85cc227e63"
  integrity sha512-m6d9jSQvV0eNWUOaUEHeP5N5AgjKs+wag+sY+Obr1zQlX1hp5boIauCEhTnm2sJxL5Z2M0bSleb/I0V8RFvYHw==
  dependencies:
    "@aws-sdk/chunked-blob-reader" "3.55.0"
    "@aws-sdk/chunked-blob-reader-native" "3.109.0"
    "@aws-sdk/types" "3.162.0"
    tslib "^2.3.1"

"@aws-sdk/hash-node@3.162.0":
  version "3.162.0"
  resolved "https://registry.yarnpkg.com/@aws-sdk/hash-node/-/hash-node-3.162.0.tgz#72eeba4fe923fc96103740600bcb5a217dc8d338"
  integrity sha512-lfyyAb0Cd084QnUNLTkYowD8RW3L5Tb9lNnIMH6HY7uSE/obw1j/OnLUPqpey628WJ5DPyyvNBah3Vu+JVZ5Mw==
  dependencies:
    "@aws-sdk/types" "3.162.0"
    "@aws-sdk/util-buffer-from" "3.55.0"
    tslib "^2.3.1"

"@aws-sdk/hash-stream-node@3.162.0":
  version "3.162.0"
  resolved "https://registry.yarnpkg.com/@aws-sdk/hash-stream-node/-/hash-stream-node-3.162.0.tgz#cfb1e8cc36df4772a339416a5c4c5138064a8648"
  integrity sha512-WnaKxaK+RIl+MOm3oohyKy1rDduNRTxMhSuLpo9NsZVc6tqZBXQ4Y4fTfND80YP6iyAcao1Gv96Ph8H6wY7yzA==
  dependencies:
    "@aws-sdk/types" "3.162.0"
    tslib "^2.3.1"

"@aws-sdk/invalid-dependency@3.162.0":
  version "3.162.0"
  resolved "https://registry.yarnpkg.com/@aws-sdk/invalid-dependency/-/invalid-dependency-3.162.0.tgz#a75b29aae362854041ebc4d282746041231109e4"
  integrity sha512-ENZ7Jf2EcxMMdAX9/sRrt/1rzeA2WwqAKrjIacKGT9KEGQNU+omWF/h+8stLCu0Uxcg0XswFXgQCXcI1IQuZjg==
  dependencies:
    "@aws-sdk/types" "3.162.0"
    tslib "^2.3.1"

"@aws-sdk/is-array-buffer@3.55.0":
  version "3.55.0"
  resolved "https://registry.yarnpkg.com/@aws-sdk/is-array-buffer/-/is-array-buffer-3.55.0.tgz#c46122c5636f01d5895e5256a587768c3425ea7a"
  integrity sha512-NbiPHVYuPxdqdFd6FxzzN3H1BQn/iWA3ri3Ry7AyLeP/tGs1yzEWMwf8BN8TSMALI0GXT6Sh0GDWy3Ok5xB6DA==
  dependencies:
    tslib "^2.3.1"

"@aws-sdk/md5-js@3.162.0":
  version "3.162.0"
  resolved "https://registry.yarnpkg.com/@aws-sdk/md5-js/-/md5-js-3.162.0.tgz#f469e9dca0eea77ce9d87cf157dc034b834f1144"
  integrity sha512-8rODeZjopffWtnvGOOn3JZghztvxZBAF9a8I6rAUFUveOvyZbxhDZRxdqfGbnNesYBKxZRjU4hjt9dvfmRVSvw==
  dependencies:
    "@aws-sdk/types" "3.162.0"
    "@aws-sdk/util-utf8-browser" "3.109.0"
    "@aws-sdk/util-utf8-node" "3.109.0"
    tslib "^2.3.1"

"@aws-sdk/middleware-bucket-endpoint@3.162.0":
  version "3.162.0"
  resolved "https://registry.yarnpkg.com/@aws-sdk/middleware-bucket-endpoint/-/middleware-bucket-endpoint-3.162.0.tgz#7930aa6ecc2248c578996e43b00b4cddd77b8904"
  integrity sha512-WkT8BqBN1GzAAzQnkhmyIIhRrZucCY2LdLgXfArYNgzdxFphUJXk19JuKlT8xQHBNENMnCiX+OHupn4prKXQaA==
  dependencies:
    "@aws-sdk/protocol-http" "3.162.0"
    "@aws-sdk/types" "3.162.0"
    "@aws-sdk/util-arn-parser" "3.55.0"
    "@aws-sdk/util-config-provider" "3.109.0"
    tslib "^2.3.1"

"@aws-sdk/middleware-content-length@3.162.0":
  version "3.162.0"
  resolved "https://registry.yarnpkg.com/@aws-sdk/middleware-content-length/-/middleware-content-length-3.162.0.tgz#987d77a843598aa52d1045745dbae7e79e763464"
  integrity sha512-gwuxHPBNNkr9Ah9gTNHqJ3uIp3zeY+VC2H810+RqkG5QrxU1bGAN/zezIIbcAlXjMM9vTSfO0rxGI04nhTx0BQ==
  dependencies:
    "@aws-sdk/protocol-http" "3.162.0"
    "@aws-sdk/types" "3.162.0"
    tslib "^2.3.1"

"@aws-sdk/middleware-expect-continue@3.162.0":
  version "3.162.0"
  resolved "https://registry.yarnpkg.com/@aws-sdk/middleware-expect-continue/-/middleware-expect-continue-3.162.0.tgz#4d3695f82cf950c6b47d227d8382a145e6992053"
  integrity sha512-6AVKtODhV0mfwAONc67haulkPVlrxNkcgw4gEc4iXTT9ZQiyz4WHUU8hELB0Bkj+7or94BU15fCpUD3rK1VXeQ==
  dependencies:
    "@aws-sdk/protocol-http" "3.162.0"
    "@aws-sdk/types" "3.162.0"
    tslib "^2.3.1"

"@aws-sdk/middleware-flexible-checksums@3.162.0":
  version "3.162.0"
  resolved "https://registry.yarnpkg.com/@aws-sdk/middleware-flexible-checksums/-/middleware-flexible-checksums-3.162.0.tgz#f218775cf65c4b28705a72a6f4968df7a48ca171"
  integrity sha512-KMOOJB+ntqSBVbsNln55Cm+wrPxP0+6dWdRcjuq1NnQqsTHoADiJ+o9+BBYgAFUQR4Q/zWcvxZQ7gTan0W+PLQ==
  dependencies:
    "@aws-crypto/crc32" "2.0.0"
    "@aws-crypto/crc32c" "2.0.0"
    "@aws-sdk/is-array-buffer" "3.55.0"
    "@aws-sdk/protocol-http" "3.162.0"
    "@aws-sdk/types" "3.162.0"
    tslib "^2.3.1"

"@aws-sdk/middleware-host-header@3.162.0":
  version "3.162.0"
  resolved "https://registry.yarnpkg.com/@aws-sdk/middleware-host-header/-/middleware-host-header-3.162.0.tgz#c59015c83f6c574bde72534919022b3a90c3cd2a"
  integrity sha512-gw5xe22P62N9yZPvrVXewM2vp70w9mLRWC1vh6pRDs0hEudAlsbXoWjB/z6jpG6ucA4Y1IOuXy5yGr9lND+zhg==
  dependencies:
    "@aws-sdk/protocol-http" "3.162.0"
    "@aws-sdk/types" "3.162.0"
    tslib "^2.3.1"

"@aws-sdk/middleware-location-constraint@3.162.0":
  version "3.162.0"
  resolved "https://registry.yarnpkg.com/@aws-sdk/middleware-location-constraint/-/middleware-location-constraint-3.162.0.tgz#201f3f97099e6d771f7456cec526c235b608c7d3"
  integrity sha512-CnCx4TA8wZa4fnXYiyj37CIkOnppBKokZFu+mbiG6shxXb4tVA8p4PgptOnDRYJHLzgeD4v7B/zMFpUP3o7a8g==
  dependencies:
    "@aws-sdk/types" "3.162.0"
    tslib "^2.3.1"

"@aws-sdk/middleware-logger@3.162.0":
  version "3.162.0"
  resolved "https://registry.yarnpkg.com/@aws-sdk/middleware-logger/-/middleware-logger-3.162.0.tgz#10b2d552d7aa2c48b91061a418224cc47984272c"
  integrity sha512-3YysLwpTZdfZkve2ytKFIwEc/WqDkxoI5kUXQq2hjsHAjLW7pEhUV00o+LJbgKjNxh38eSmmKeFlr5jnIjXHiQ==
  dependencies:
    "@aws-sdk/types" "3.162.0"
    tslib "^2.3.1"

"@aws-sdk/middleware-recursion-detection@3.162.0":
  version "3.162.0"
  resolved "https://registry.yarnpkg.com/@aws-sdk/middleware-recursion-detection/-/middleware-recursion-detection-3.162.0.tgz#6c13e90ec9cc7b7adcb98bcb3d02eb37cef37b5c"
  integrity sha512-AqoTnSX0JgoFuKPyWy0S+WUJqgfkVz6Os50azi32snjHmluEgLOmfeF0ixfxGFUVGxZp8WDuu/JVhwgTRKVuUA==
  dependencies:
    "@aws-sdk/protocol-http" "3.162.0"
    "@aws-sdk/types" "3.162.0"
    tslib "^2.3.1"

"@aws-sdk/middleware-retry@3.162.0":
  version "3.162.0"
  resolved "https://registry.yarnpkg.com/@aws-sdk/middleware-retry/-/middleware-retry-3.162.0.tgz#0601882f9105fc440b902a937f630da65914bd99"
  integrity sha512-9ZuTim8tnTgP7wNgj+RIdYzGhNgou6QBBX85qMIvngksRUgsd1CGR17HQTyYDZTKlZs7GvLt/L5FaJcOlpPUxA==
  dependencies:
    "@aws-sdk/protocol-http" "3.162.0"
    "@aws-sdk/service-error-classification" "3.162.0"
    "@aws-sdk/types" "3.162.0"
    "@aws-sdk/util-middleware" "3.162.0"
    tslib "^2.3.1"
    uuid "^8.3.2"

"@aws-sdk/middleware-sdk-s3@3.162.0":
  version "3.162.0"
  resolved "https://registry.yarnpkg.com/@aws-sdk/middleware-sdk-s3/-/middleware-sdk-s3-3.162.0.tgz#ea08a1711a56338baeecda5f34188bb4b460c60c"
  integrity sha512-uwdqdmaPbFaui/AYjmlfULvYulG3v3MvNymDU2zngs0tNQO5DMtLFRUeVl1M2a10bvumR6JcXH+MnZhBMCWmnw==
  dependencies:
    "@aws-sdk/middleware-bucket-endpoint" "3.162.0"
    "@aws-sdk/protocol-http" "3.162.0"
    "@aws-sdk/types" "3.162.0"
    "@aws-sdk/util-arn-parser" "3.55.0"
    tslib "^2.3.1"

"@aws-sdk/middleware-sdk-sts@3.162.0":
  version "3.162.0"
  resolved "https://registry.yarnpkg.com/@aws-sdk/middleware-sdk-sts/-/middleware-sdk-sts-3.162.0.tgz#56d72632dbfd3e1ac21de43e587638cd1a217fd5"
  integrity sha512-OrccRClek8lMUnHPfuOYqX8KYOEmNHlYTK4VtTB1Ak1ZVtmy2Ppa7cDCaqNDg21ZFiD5f6H/Rf8qcNIzNcYlSw==
  dependencies:
    "@aws-sdk/middleware-signing" "3.162.0"
    "@aws-sdk/property-provider" "3.162.0"
    "@aws-sdk/protocol-http" "3.162.0"
    "@aws-sdk/signature-v4" "3.162.0"
    "@aws-sdk/types" "3.162.0"
    tslib "^2.3.1"

"@aws-sdk/middleware-serde@3.162.0":
  version "3.162.0"
  resolved "https://registry.yarnpkg.com/@aws-sdk/middleware-serde/-/middleware-serde-3.162.0.tgz#e83201bffd46500ed4ea71bb3ceda63505f31f96"
  integrity sha512-Vdgxbl7/o99CjeljQx3mTpY4cX7rc8YQykD49L2S61D6+Gkk9Zc4DMvaJDcxvR7ZUzRwjMTcMHlxbopcp1+UBA==
  dependencies:
    "@aws-sdk/types" "3.162.0"
    tslib "^2.3.1"

"@aws-sdk/middleware-signing@3.162.0":
  version "3.162.0"
  resolved "https://registry.yarnpkg.com/@aws-sdk/middleware-signing/-/middleware-signing-3.162.0.tgz#c0f2dfdc606eec207ef6ba2a8cf692dc29a945e2"
  integrity sha512-ti2iFmEJbWpadTWgHG3L5IIWEU/V3ViVs8X1IT/t6qi8Gi4Bo18C0cKh+KcEuH/K/Ma6R3WpMFKIVN8U2xoMoQ==
  dependencies:
    "@aws-sdk/property-provider" "3.162.0"
    "@aws-sdk/protocol-http" "3.162.0"
    "@aws-sdk/signature-v4" "3.162.0"
    "@aws-sdk/types" "3.162.0"
    tslib "^2.3.1"

"@aws-sdk/middleware-ssec@3.162.0":
  version "3.162.0"
  resolved "https://registry.yarnpkg.com/@aws-sdk/middleware-ssec/-/middleware-ssec-3.162.0.tgz#2fcda524b9582a3fcec4124037b3cc3e2d81c453"
  integrity sha512-hCPivyliCIQ3nncVJmwxhLiWiuMpk3aQYclhhg//KW8xke7UFr9Q6WD8wzINMWFnBOmsNq1guRi3uVjz6K9m2g==
  dependencies:
    "@aws-sdk/types" "3.162.0"
    tslib "^2.3.1"

"@aws-sdk/middleware-stack@3.162.0":
  version "3.162.0"
  resolved "https://registry.yarnpkg.com/@aws-sdk/middleware-stack/-/middleware-stack-3.162.0.tgz#26b37e6241ca5c1a5e50bb2b1367a39eabd2b5ad"
  integrity sha512-e/by4QvDl9qMQHdBnLz6n8PRglswPb3eS23qT2Wt32KVLUehMUGAf1cdns6YmYSHATK/ivFmT2QHHEnNIc+n5w==
  dependencies:
    tslib "^2.3.1"

"@aws-sdk/middleware-user-agent@3.162.0":
  version "3.162.0"
  resolved "https://registry.yarnpkg.com/@aws-sdk/middleware-user-agent/-/middleware-user-agent-3.162.0.tgz#da374bd9c66efc563ee9a2f6d1fff29c5ebea965"
  integrity sha512-aSCQk+oQbMPVHdncuend4jmd4MguLWjvi67OwKqdZjIKsSQfObCO8vwlfDM+ED3HcOfA0LwSxsFeSfQxC+WHxA==
  dependencies:
    "@aws-sdk/protocol-http" "3.162.0"
    "@aws-sdk/types" "3.162.0"
    tslib "^2.3.1"

"@aws-sdk/node-config-provider@3.162.0":
  version "3.162.0"
  resolved "https://registry.yarnpkg.com/@aws-sdk/node-config-provider/-/node-config-provider-3.162.0.tgz#9637996fd5ef18ce4619b927744727d2aff0d508"
  integrity sha512-PgaekXCCyz/gKkbukt9zYLBJDEVgmCm0l78q5J84yJbu0FhcZY4LaAgCHdzhsgEYWTX497hokzNc3rgLdVu46A==
  dependencies:
    "@aws-sdk/property-provider" "3.162.0"
    "@aws-sdk/shared-ini-file-loader" "3.162.0"
    "@aws-sdk/types" "3.162.0"
    tslib "^2.3.1"

"@aws-sdk/node-http-handler@3.162.0":
  version "3.162.0"
  resolved "https://registry.yarnpkg.com/@aws-sdk/node-http-handler/-/node-http-handler-3.162.0.tgz#771370fe09cc3b030666a6654cf1e461e6fe3cf1"
  integrity sha512-9jNk9SU3nNLZ1OW+fd6zHGdByUDm0FEO3Hy+J62DvbFe16x09TnVnPAoHfZ69kjz5ZNS7Gg0wmdKjUHi9T3lJQ==
  dependencies:
    "@aws-sdk/abort-controller" "3.162.0"
    "@aws-sdk/protocol-http" "3.162.0"
    "@aws-sdk/querystring-builder" "3.162.0"
    "@aws-sdk/types" "3.162.0"
    tslib "^2.3.1"

"@aws-sdk/property-provider@3.162.0":
  version "3.162.0"
  resolved "https://registry.yarnpkg.com/@aws-sdk/property-provider/-/property-provider-3.162.0.tgz#45cdaadfba54bb1c275972f12f33f72c8eb22333"
  integrity sha512-kQLpibZRIrF58axcKY4Pr17YGoVBKBOWKol8jI8vlDhbFJqn14pVLohv4wZ8TzG2kKhWCF+t25YQCefWz2/lkg==
  dependencies:
    "@aws-sdk/types" "3.162.0"
    tslib "^2.3.1"

"@aws-sdk/protocol-http@3.162.0":
  version "3.162.0"
  resolved "https://registry.yarnpkg.com/@aws-sdk/protocol-http/-/protocol-http-3.162.0.tgz#3657cb6627576180d8c5a9a37d6c3f2984d70f92"
  integrity sha512-xMFFxwcO+x5QoQX/LRGb3BpLCIBWC9cBOULm34rYGBySd/zQqebVJOhiKTPzaRL02WZTDNxsEEQHg97Lpe8CNw==
  dependencies:
    "@aws-sdk/types" "3.162.0"
    tslib "^2.3.1"

"@aws-sdk/querystring-builder@3.162.0":
  version "3.162.0"
  resolved "https://registry.yarnpkg.com/@aws-sdk/querystring-builder/-/querystring-builder-3.162.0.tgz#c1667eebeb0e15ac6cae2523afa5ea3a8ca8aa00"
  integrity sha512-3urwxCEpnQwa1B6fKmcr8R2Qmzr8VDttRSay5CgD/stbZ4XUzNsA6G1V36+EL1Vq4vMr1aZhriARioLDlhcz+g==
  dependencies:
    "@aws-sdk/types" "3.162.0"
    "@aws-sdk/util-uri-escape" "3.55.0"
    tslib "^2.3.1"

"@aws-sdk/querystring-parser@3.162.0":
  version "3.162.0"
  resolved "https://registry.yarnpkg.com/@aws-sdk/querystring-parser/-/querystring-parser-3.162.0.tgz#d4f0522cfe2a44d2f242a2e5c9c9cf928930938e"
  integrity sha512-0ccaGsR1O7e3BsprdYBMwGf8gmycTv1Dfz2EB5R6MiTqzcuQJ/lxpIcRh3jhUJaD1TPlUziyrBEAxtLka3HDDQ==
  dependencies:
    "@aws-sdk/types" "3.162.0"
    tslib "^2.3.1"

"@aws-sdk/service-error-classification@3.162.0":
  version "3.162.0"
  resolved "https://registry.yarnpkg.com/@aws-sdk/service-error-classification/-/service-error-classification-3.162.0.tgz#b07ed4ef541ec4d3d3cfe93efae054e3d39b5a1b"
  integrity sha512-AD9XL3CHFzwVWNEzdTo9aRnJl1ImqrRLlJ5zR/5ihTIJ68ZTYEiYP4vNKSCV6UfQ+vaaRNgLwiAx7JXzY54awg==

"@aws-sdk/shared-ini-file-loader@3.162.0":
  version "3.162.0"
  resolved "https://registry.yarnpkg.com/@aws-sdk/shared-ini-file-loader/-/shared-ini-file-loader-3.162.0.tgz#53bc40d774f4411200104e415cbe27a3dea110f7"
  integrity sha512-AGxISXns+1o6Pw+SPizFJDTw4Lwm+JSwhycCNhFU3JfdLsKfLY08JV4JHlcc+TyY4a8HhnGvE3r5t2f2dPLIsA==
  dependencies:
    tslib "^2.3.1"

"@aws-sdk/signature-v4-multi-region@3.162.0":
  version "3.162.0"
  resolved "https://registry.yarnpkg.com/@aws-sdk/signature-v4-multi-region/-/signature-v4-multi-region-3.162.0.tgz#c25fe755f07c58c1bd1286154e7961adbb89d2f6"
  integrity sha512-p+IRLQ8KDqj7ir7xlMqhQm/8DgkFHByGcmKSSYRNf6s2byVSJovjNunTMYGcPaO1z+u8QVqUPIEj2Q6pRdly6A==
  dependencies:
    "@aws-sdk/protocol-http" "3.162.0"
    "@aws-sdk/signature-v4" "3.162.0"
    "@aws-sdk/types" "3.162.0"
    "@aws-sdk/util-arn-parser" "3.55.0"
    tslib "^2.3.1"

"@aws-sdk/signature-v4@3.162.0":
  version "3.162.0"
  resolved "https://registry.yarnpkg.com/@aws-sdk/signature-v4/-/signature-v4-3.162.0.tgz#ea2792d30fa9d4ee14c688290364ecc7903b95e9"
  integrity sha512-qDB2X1LWzWQC0b2Xm+PxnM//N+1BM/q5HbLO/3YtRv/pyvDQszArkTzQV6ypLdH/mwhI5APx29xYuC58Z8QpLQ==
  dependencies:
    "@aws-sdk/is-array-buffer" "3.55.0"
    "@aws-sdk/types" "3.162.0"
    "@aws-sdk/util-hex-encoding" "3.109.0"
    "@aws-sdk/util-middleware" "3.162.0"
    "@aws-sdk/util-uri-escape" "3.55.0"
    tslib "^2.3.1"

"@aws-sdk/smithy-client@3.162.0":
  version "3.162.0"
  resolved "https://registry.yarnpkg.com/@aws-sdk/smithy-client/-/smithy-client-3.162.0.tgz#2646b05c287a609a1abb7d28a7009f3314c26803"
  integrity sha512-o7CwdhPvzYMvHY5dTzL2kqN8Zsl2D8pZ1mG2dPdQW9hYnutLOFK1HVv5dIzoSkp3jUwVGh6AXd1i4ZSb2d0LrA==
  dependencies:
    "@aws-sdk/middleware-stack" "3.162.0"
    "@aws-sdk/types" "3.162.0"
    tslib "^2.3.1"

"@aws-sdk/types@3.162.0", "@aws-sdk/types@^3.1.0":
  version "3.162.0"
  resolved "https://registry.yarnpkg.com/@aws-sdk/types/-/types-3.162.0.tgz#e908ff1a5de6bd06d7d6b88a648b384592acf7e2"
  integrity sha512-NBmuwVujH8fURDMvBHkHrYu/JAfG6Js/Bu0mC4o2Kdo5mRa3fD/N9kK0dEAxU1Rxp4wY2E++V9j2ZCw1KBGrSg==

"@aws-sdk/url-parser@3.162.0":
  version "3.162.0"
  resolved "https://registry.yarnpkg.com/@aws-sdk/url-parser/-/url-parser-3.162.0.tgz#ce341d3b6dbcaf52f00b80aff56b24b5ab8c1e82"
  integrity sha512-aJQ2awXYDceLAzPMQETpvI1XQd8oYuqH1EriFzXHqoJTNmYnHb7awtKSqwaS8pq48x1rS/eVtJAi85BG93fXyw==
  dependencies:
    "@aws-sdk/querystring-parser" "3.162.0"
    "@aws-sdk/types" "3.162.0"
    tslib "^2.3.1"

"@aws-sdk/util-arn-parser@3.55.0":
  version "3.55.0"
  resolved "https://registry.yarnpkg.com/@aws-sdk/util-arn-parser/-/util-arn-parser-3.55.0.tgz#6672eb2975e798a460bedfaf6b5618d4e4b262e1"
  integrity sha512-76KJxp4MRWufHYWys7DFl64znr5yeJ3AIQNAPCKKw1sP0hzO7p6Kx0PaJnw9x+CPSzOrT4NbuApL6/srYhKDGg==
  dependencies:
    tslib "^2.3.1"

"@aws-sdk/util-base64-browser@3.109.0":
  version "3.109.0"
  resolved "https://registry.yarnpkg.com/@aws-sdk/util-base64-browser/-/util-base64-browser-3.109.0.tgz#e7faf5c4cbb88bc39b9c1c5a1a79e4c869e9f645"
  integrity sha512-lAZ6fyDGiRLaIsKT9qh7P9FGuNyZ4gAbr1YOSQk/5mHtaTuUvxlPptZuInNM/0MPQm6lpcot00D8IWTucn4PbA==
  dependencies:
    tslib "^2.3.1"

"@aws-sdk/util-base64-node@3.55.0":
  version "3.55.0"
  resolved "https://registry.yarnpkg.com/@aws-sdk/util-base64-node/-/util-base64-node-3.55.0.tgz#da9a3fd6752be49163572144793e6b23d0186ff4"
  integrity sha512-UQ/ZuNoAc8CFMpSiRYmevaTsuRKzLwulZTnM8LNlIt9Wx1tpNvqp80cfvVj7yySKROtEi20wq29h31dZf1eYNQ==
  dependencies:
    "@aws-sdk/util-buffer-from" "3.55.0"
    tslib "^2.3.1"

"@aws-sdk/util-body-length-browser@3.154.0":
  version "3.154.0"
  resolved "https://registry.yarnpkg.com/@aws-sdk/util-body-length-browser/-/util-body-length-browser-3.154.0.tgz#8c4c5d08c1923deeedf46006dc4db820ca606f56"
  integrity sha512-TUuy7paVkBRQrB/XFCsL8iTW6g/ma0S3N8dYOiIMJdeTqTFryeyOGkBpYBgYFQL6zRMZpyu0jOM7GYEffGFOXw==
  dependencies:
    tslib "^2.3.1"

"@aws-sdk/util-body-length-node@3.55.0":
  version "3.55.0"
  resolved "https://registry.yarnpkg.com/@aws-sdk/util-body-length-node/-/util-body-length-node-3.55.0.tgz#67049bbb6c62d794a1bb5a13b9a678988c925489"
  integrity sha512-lU1d4I+9wJwydduXs0SxSfd+mHKjxeyd39VwOv6i2KSwWkPbji9UQqpflKLKw+r45jL7+xU/zfeTUg5Tt/3Gew==
  dependencies:
    tslib "^2.3.1"

"@aws-sdk/util-buffer-from@3.55.0":
  version "3.55.0"
  resolved "https://registry.yarnpkg.com/@aws-sdk/util-buffer-from/-/util-buffer-from-3.55.0.tgz#e7c927974b07a29502aa1ad58509b91d0d7cf0f7"
  integrity sha512-uVzKG1UgvnV7XX2FPTylBujYMKBPBaq/qFBxfl0LVNfrty7YjpfieQxAe6yRLD+T0Kir/WDQwGvYC+tOYG3IGA==
  dependencies:
    "@aws-sdk/is-array-buffer" "3.55.0"
    tslib "^2.3.1"

"@aws-sdk/util-config-provider@3.109.0":
  version "3.109.0"
  resolved "https://registry.yarnpkg.com/@aws-sdk/util-config-provider/-/util-config-provider-3.109.0.tgz#7828b8894b2b23c289ffc5c106cbced7a5d6ee86"
  integrity sha512-GrAZl/aBv0A28LkyNyq8SPJ5fmViCwz80fWLMeWx/6q5AbivuILogjlWwEZSvZ9zrlHOcFC0+AnCa5pQrjaslw==
  dependencies:
    tslib "^2.3.1"

"@aws-sdk/util-defaults-mode-browser@3.162.0":
  version "3.162.0"
  resolved "https://registry.yarnpkg.com/@aws-sdk/util-defaults-mode-browser/-/util-defaults-mode-browser-3.162.0.tgz#41625d5ea4d3d347df00cc5647a0808fcb059c94"
  integrity sha512-BjhuriainNy0ezFqCK//380Wc4xsJJOnq1tmPlHScQxp3g8ucfClvjOUi96XQaTrEf8c8EsYp77+JNsvrHytmw==
  dependencies:
    "@aws-sdk/property-provider" "3.162.0"
    "@aws-sdk/types" "3.162.0"
    bowser "^2.11.0"
    tslib "^2.3.1"

"@aws-sdk/util-defaults-mode-node@3.162.0":
  version "3.162.0"
  resolved "https://registry.yarnpkg.com/@aws-sdk/util-defaults-mode-node/-/util-defaults-mode-node-3.162.0.tgz#0283d9119bda5c81dfa27c8ca3ced931658d3144"
  integrity sha512-mAoNRhQrtZsn0Wy2TmHB3uAgHv/8MRwhRZKryb2ZtoNL0qAxFuSyfdCum8Khzk3puTYhqvLO4f/BUbQDR+Gc0Q==
  dependencies:
    "@aws-sdk/config-resolver" "3.162.0"
    "@aws-sdk/credential-provider-imds" "3.162.0"
    "@aws-sdk/node-config-provider" "3.162.0"
    "@aws-sdk/property-provider" "3.162.0"
    "@aws-sdk/types" "3.162.0"
    tslib "^2.3.1"

"@aws-sdk/util-hex-encoding@3.109.0":
  version "3.109.0"
  resolved "https://registry.yarnpkg.com/@aws-sdk/util-hex-encoding/-/util-hex-encoding-3.109.0.tgz#93b20acc27c0a1d7d80f653bf19d3dd01c2ccc65"
  integrity sha512-s8CgTNrn3cLkrdiohfxLuOYPCanzvHn/aH5RW6DaMoeQiG5Hl9QUiP/WtdQ9QQx3xvpQFpmvxIaSBwSgFNLQxA==
  dependencies:
    tslib "^2.3.1"

"@aws-sdk/util-locate-window@^3.0.0":
  version "3.55.0"
  resolved "https://registry.yarnpkg.com/@aws-sdk/util-locate-window/-/util-locate-window-3.55.0.tgz#a4136a20ee1bfcb73967a6614caf769ef79db070"
  integrity sha512-0sPmK2JaJE2BbTcnvybzob/VrFKCXKfN4CUKcvn0yGg/me7Bz+vtzQRB3Xp+YSx+7OtWxzv63wsvHoAnXvgxgg==
  dependencies:
    tslib "^2.3.1"

"@aws-sdk/util-middleware@3.162.0":
  version "3.162.0"
  resolved "https://registry.yarnpkg.com/@aws-sdk/util-middleware/-/util-middleware-3.162.0.tgz#5e38b45b52b731ec4be7b3eb65e8097e70a8a844"
  integrity sha512-jDqZZ5nst+NtzvAPIQBdQqGY14Z3HeGANGm5NUoxWp8IlHnEV7GhTFDjFgubf8mgTBCzHnvbuBY1bfkzAeXWBA==
  dependencies:
    tslib "^2.3.1"

"@aws-sdk/util-stream-browser@3.162.0":
  version "3.162.0"
  resolved "https://registry.yarnpkg.com/@aws-sdk/util-stream-browser/-/util-stream-browser-3.162.0.tgz#9fbde6fee82bdef40b36f2529f99378f3899ec4e"
  integrity sha512-1GCOvu6bIQNo3ql/ULobztaJTGxUsWBIgSxftATU0vuCI1Rf4ReluENvpXzdbTEi6mv+k1YUrBBLVzSmFwwxrw==
  dependencies:
    "@aws-sdk/fetch-http-handler" "3.162.0"
    "@aws-sdk/types" "3.162.0"
    "@aws-sdk/util-base64-browser" "3.109.0"
    "@aws-sdk/util-hex-encoding" "3.109.0"
    "@aws-sdk/util-utf8-browser" "3.109.0"
    tslib "^2.3.1"

"@aws-sdk/util-stream-node@3.162.0":
  version "3.162.0"
  resolved "https://registry.yarnpkg.com/@aws-sdk/util-stream-node/-/util-stream-node-3.162.0.tgz#fcc6e8db77c1785033f3f120a2700affee304b7b"
  integrity sha512-MWHF8HIsEdircxXb00/y+SesLugetGiU47xOVQtg40yWdoJyPWzP6kBK6+SWT8uR0r1IYdW7fwyxMbc9TccYcQ==
  dependencies:
    "@aws-sdk/node-http-handler" "3.162.0"
    "@aws-sdk/types" "3.162.0"
    "@aws-sdk/util-buffer-from" "3.55.0"
    tslib "^2.3.1"

"@aws-sdk/util-uri-escape@3.55.0":
  version "3.55.0"
  resolved "https://registry.yarnpkg.com/@aws-sdk/util-uri-escape/-/util-uri-escape-3.55.0.tgz#ee57743c628a1c9f942dfe73205ce890ec011916"
  integrity sha512-mmdDLUpFCN2nkfwlLdOM54lTD528GiGSPN1qb8XtGLgZsJUmg3uJSFIN2lPeSbEwJB3NFjVas/rnQC48i7mV8w==
  dependencies:
    tslib "^2.3.1"

"@aws-sdk/util-user-agent-browser@3.162.0":
  version "3.162.0"
  resolved "https://registry.yarnpkg.com/@aws-sdk/util-user-agent-browser/-/util-user-agent-browser-3.162.0.tgz#735a3611e65df0c4b8a416bbb096e56d0b43f5c9"
  integrity sha512-FNmC2ywy1u3tbUSVCSkCwLvcbjIvj5EzAtF6I2wrMTI5PfaxVIQapKn2EecoVQgf4lsZqvGjyTxbl7SYvf9fxw==
  dependencies:
    "@aws-sdk/types" "3.162.0"
    bowser "^2.11.0"
    tslib "^2.3.1"

"@aws-sdk/util-user-agent-node@3.162.0":
  version "3.162.0"
  resolved "https://registry.yarnpkg.com/@aws-sdk/util-user-agent-node/-/util-user-agent-node-3.162.0.tgz#3c589c1ad1ce2821c9568dd12bb5632b8eb776be"
  integrity sha512-OIbZlccBFwITDQJoymU0V+yqqyPEbJUExJzeiP9bxJ58h7Jxj/da24cxCMaVDYvjhP/PoflOmC5Xblonaeg+oQ==
  dependencies:
    "@aws-sdk/node-config-provider" "3.162.0"
    "@aws-sdk/types" "3.162.0"
    tslib "^2.3.1"

"@aws-sdk/util-utf8-browser@3.109.0", "@aws-sdk/util-utf8-browser@^3.0.0":
  version "3.109.0"
  resolved "https://registry.yarnpkg.com/@aws-sdk/util-utf8-browser/-/util-utf8-browser-3.109.0.tgz#d013272e1981b23a4c84ac06f154db686c0cf84e"
  integrity sha512-FmcGSz0v7Bqpl1SE8G1Gc0CtDpug+rvqNCG/szn86JApD/f5x8oByjbEiAyTU2ZH2VevUntx6EW68ulHyH+x+w==
  dependencies:
    tslib "^2.3.1"

"@aws-sdk/util-utf8-node@3.109.0":
  version "3.109.0"
  resolved "https://registry.yarnpkg.com/@aws-sdk/util-utf8-node/-/util-utf8-node-3.109.0.tgz#89e06d916f5b246c7265f59bac742973ac0767ac"
  integrity sha512-Ti/ZBdvz2eSTElsucjzNmzpyg2MwfD1rXmxD0hZuIF8bPON/0+sZYnWd5CbDw9kgmhy28dmKue086tbZ1G0iLQ==
  dependencies:
    "@aws-sdk/util-buffer-from" "3.55.0"
    tslib "^2.3.1"

"@aws-sdk/util-waiter@3.162.0":
  version "3.162.0"
  resolved "https://registry.yarnpkg.com/@aws-sdk/util-waiter/-/util-waiter-3.162.0.tgz#369499ec934a47aa8f0340876a9228e6d8989736"
  integrity sha512-RDMimLdgffkBiFjXyGO0DYjUhDisBHx5OZIaj57bCWRqvMj4lSz5+eS3fpVEZaRDFo/P3i/86lvjPEqXStTlZA==
  dependencies:
    "@aws-sdk/abort-controller" "3.162.0"
    "@aws-sdk/types" "3.162.0"
    tslib "^2.3.1"

"@aws-sdk/xml-builder@3.142.0":
  version "3.142.0"
  resolved "https://registry.yarnpkg.com/@aws-sdk/xml-builder/-/xml-builder-3.142.0.tgz#55d03f1a1d1b3b02f07e26ec05d6855151f94c4e"
  integrity sha512-e8rFjm5y9ngFc/cPwWMNn/CmMMrLx98CajWew9q7OzP6OOXQJ0H6TaRps2uQPM5XUv3/Ab5YQCV3NiaLJLqqNg==
  dependencies:
    tslib "^2.3.1"

"@types/cron@^2.0.0":
  version "2.0.0"
  resolved "https://registry.yarnpkg.com/@types/cron/-/cron-2.0.0.tgz#4fe75f2720a3b69a1f7b80e656749f4c2c96d727"
  integrity sha512-xZM08fqvwIXgghtPVkSPKNgC+JoMQ2OHazEvyTKnNf7aWu1aB6/4lBbQFrb03Td2cUGG7ITzMv3mFYnMu6xRaQ==
  dependencies:
    "@types/luxon" "*"
    "@types/node" "*"

"@types/luxon@*":
  version "3.0.1"
  resolved "https://registry.yarnpkg.com/@types/luxon/-/luxon-3.0.1.tgz#2b1657096473e24b049bdedf3710f99645f3a17f"
  integrity sha512-/LAvk1cMOJt0ghzMFrZEvByUhsiEfeeT2IF53Le+Ki3A538yEL9pRZ7a6MuCxdrYK+YNqNIDmrKU/r2nnw04zQ==

"@types/node@*":
  version "18.7.14"
  resolved "https://registry.yarnpkg.com/@types/node/-/node-18.7.14.tgz#0fe081752a3333392d00586d815485a17c2cf3c9"
  integrity sha512-6bbDaETVi8oyIARulOE9qF1/Qdi/23z6emrUh0fNJRUmjznqrixD4MpGDdgOFk5Xb0m2H6Xu42JGdvAxaJR/wA==

"@types/node@^16.9.1":
  version "16.11.56"
  resolved "https://registry.yarnpkg.com/@types/node/-/node-16.11.56.tgz#dcbb617669481e158e0f1c6204d1c768cd675901"
  integrity sha512-aFcUkv7EddxxOa/9f74DINReQ/celqH8DiB3fRYgVDM2Xm5QJL8sl80QKuAnGvwAsMn+H3IFA6WCrQh1CY7m1A==

bowser@^2.11.0:
  version "2.11.0"
  resolved "https://registry.yarnpkg.com/bowser/-/bowser-2.11.0.tgz#5ca3c35757a7aa5771500c70a73a9f91ef420a8f"
  integrity sha512-AlcaJBi/pqqJBIQ8U9Mcpc9i8Aqxn88Skv5d+xBX006BY5u8N3mGLHa5Lgppa7L/HfwgwLgZ6NYs+Ag6uUmJRA==

cron@^2.1.0:
  version "2.1.0"
  resolved "https://registry.yarnpkg.com/cron/-/cron-2.1.0.tgz#f69fe77f1164d0bccbc24300938bbb3bea6ed95e"
  integrity sha512-Hq7u3P8y7UWYvsZbSKHHJDVG0VO9O7tp2qljxzTScelcTODBfCme8AIhnZsFwmQ9NchZ3hr2uNr+s3DSms7q6w==
  dependencies:
    luxon "^1.23.x"

entities@2.2.0:
  version "2.2.0"
  resolved "https://registry.yarnpkg.com/entities/-/entities-2.2.0.tgz#098dc90ebb83d8dffa089d55256b351d34c4da55"
  integrity sha512-p92if5Nz619I0w+akJrLZH0MX0Pb5DX39XOwQTtXSdQQOaYH03S1uIQp4mhOZtAXrxq4ViO67YTiLBo2638o9A==

envsafe@^2.0.3:
  version "2.0.3"
  resolved "https://registry.yarnpkg.com/envsafe/-/envsafe-2.0.3.tgz#cb88a9f750a67455638ebfc16f4cd5296bb5e1a0"
  integrity sha512-51lek8h5btjXhXUDW//Pno7HPydM1WQzltOb1/ONRKdwB2QkfAURnN4Qn0cJ5LzGvX2Km1ReR2O3K3Bqq9sBMg==

fast-xml-parser@3.19.0:
  version "3.19.0"
  resolved "https://registry.yarnpkg.com/fast-xml-parser/-/fast-xml-parser-3.19.0.tgz#cb637ec3f3999f51406dd8ff0e6fc4d83e520d01"
  integrity sha512-4pXwmBplsCPv8FOY1WRakF970TjNGnGnfbOnLqjlYvMiF1SR3yOHyxMR/YCXpPTOspNF5gwudqktIP4VsWkvBg==

filesize@^10.1.0:
  version "10.1.0"
  resolved "https://registry.yarnpkg.com/filesize/-/filesize-10.1.0.tgz#846f5cd8d16e073c5d6767651a8264f6149183cd"
  integrity sha512-GTLKYyBSDz3nPhlLVPjPWZCnhkd9TrrRArNcy8Z+J2cqScB7h2McAzR6NBX6nYOoWafql0roY8hrocxnZBv9CQ==

luxon@^1.23.x:
  version "1.28.0"
  resolved "https://registry.yarnpkg.com/luxon/-/luxon-1.28.0.tgz#e7f96daad3938c06a62de0fb027115d251251fbf"
  integrity sha512-TfTiyvZhwBYM/7QdAVDh+7dBTBA29v4ik0Ce9zda3Mnf8on1S5KJI8P2jKFZ8+5C0jhmr0KwJEO/Wdpm0VeWJQ==

tslib@^1.11.1:
  version "1.14.1"
  resolved "https://registry.yarnpkg.com/tslib/-/tslib-1.14.1.tgz#cf2d38bdc34a134bcaf1091c41f6619e2f672d00"
  integrity sha512-Xni35NKzjgMrwevysHTCArtLDpPvye8zV/0E4EyYn43P7/7qvQwPh9BGkHewbMulVntbigmcT7rdX3BNo9wRJg==

tslib@^2.3.1:
  version "2.4.0"
  resolved "https://registry.yarnpkg.com/tslib/-/tslib-2.4.0.tgz#7cecaa7f073ce680a05847aa77be941098f36dc3"
  integrity sha512-d6xOpEDfsi2CZVlPQzGeux8XMwLT9hssAsaPYExaQMuYskwb+x1x7J371tWlbBdWHroy99KnVB6qIkUbs5X3UQ==

typescript@^4.4.2:
  version "4.8.2"
  resolved "https://registry.yarnpkg.com/typescript/-/typescript-4.8.2.tgz#e3b33d5ccfb5914e4eeab6699cf208adee3fd790"
  integrity sha512-C0I1UsrrDHo2fYI5oaCGbSejwX4ch+9Y5jTQELvovfmFkK3HHSZJB8MSJcWLmCUBzQBchCrZ9rMRV6GuNrvGtw==

uuid@^8.3.2:
  version "8.3.2"
  resolved "https://registry.yarnpkg.com/uuid/-/uuid-8.3.2.tgz#80d5b5ced271bb9af6c445f21a1a04c606cefbe2"
  integrity sha512-+NYs2QeMWy+GWFOEm9xnn6HCDp0l7QBD7ml8zLUmJ+93Q5NF0NocErnwkTkXVFNiX3/fpC6afS8Dhb/gz7R7eg==
